
Microsoft Visual Studio Solution File, Format Version 12.00
# Visual Studio Version 16
VisualStudioVersion = 16.0.34031.81
MinimumVisualStudioVersion = 10.0.40219.1
Project("{9A19103F-16F7-4668-BE54-9A1E7A4F7556}") = "ManagementApi", "ManagementApi.csproj", "{76F7913A-6403-4DD2-A6F5-279DC3F70AF9}"
EndProject
Global
	GlobalSection(SolutionConfigurationPlatforms) = preSolution
		Debug|Any CPU = Debug|Any CPU
		Release|Any CPU = Release|Any CPU
	EndGlobalSection
	GlobalSection(ProjectConfigurationPlatforms) = postSolution
		{76F7913A-6403-4DD2-A6F5-279DC3F70AF9}.Debug|Any CPU.ActiveCfg = Debug|Any CPU
		{76F7913A-6403-4DD2-A6F5-279DC3F70AF9}.Debug|Any CPU.Build.0 = Debug|Any CPU
		{76F7913A-6403-4DD2-A6F5-279DC3F70AF9}.Release|Any CPU.ActiveCfg = Release|Any CPU
		{76F7913A-6403-4DD2-A6F5-279DC3F70AF9}.Release|Any CPU.Build.0 = Release|Any CPU
	EndGlobalSection
	GlobalSection(SolutionProperties) = preSolution
		HideSolutionNode = FALSE
	EndGlobalSection
	GlobalSection(ExtensibilityGlobals) = postSolution
		SolutionGuid = {1A3985DC-EB5B-4845-B3C9-031B0453E1B6}
	EndGlobalSection
EndGlobal
